// !$*UTF8*$!
{
	archiveVersion = 1;
	classes = {
	};
	objectVersion = 56;
	objects = {

/* Begin PBXBuildFile section */
		C13456472C80EDB500E5FA1B /* AppDelegate.swift in Sources */ = {isa = PBXBuildFile; fileRef = C13456462C80EDB500E5FA1B /* AppDelegate.swift */; };
		C13456492C80EDB500E5FA1B /* SceneDelegate.swift in Sources */ = {isa = PBXBuildFile; fileRef = C13456482C80EDB500E5FA1B /* SceneDelegate.swift */; };
		C134564E2C80EDB500E5FA1B /* Base in Resources */ = {isa = PBXBuildFile; fileRef = C134564D2C80EDB500E5FA1B /* Base */; };
		C13456502C80EDB700E5FA1B /* Assets.xcassets in Resources */ = {isa = PBXBuildFile; fileRef = C134564F2C80EDB700E5FA1B /* Assets.xcassets */; };
		C13456532C80EDB700E5FA1B /* Base in Resources */ = {isa = PBXBuildFile; fileRef = C13456522C80EDB700E5FA1B /* Base */; };
		C134565E2C80EDB800E5FA1B /* WisdomleafMovieAppTests.swift in Sources */ = {isa = PBXBuildFile; fileRef = C134565D2C80EDB800E5FA1B /* WisdomleafMovieAppTests.swift */; };
		C1A7621F2C819E81008D8DA4 /* Kingfisher in Frameworks */ = {isa = PBXBuildFile; productRef = C1A7621E2C819E81008D8DA4 /* Kingfisher */; };
		C1A762212C81A27A008D8DA4 /* CollectionViewDelegate.swift in Sources */ = {isa = PBXBuildFile; fileRef = C1A762202C81A27A008D8DA4 /* CollectionViewDelegate.swift */; };
		C1A762232C81A2CC008D8DA4 /* MovieDetailsViewController.swift in Sources */ = {isa = PBXBuildFile; fileRef = C1A762222C81A2CC008D8DA4 /* MovieDetailsViewController.swift */; };
		C1A762262C81A305008D8DA4 /* Cosmos in Frameworks */ = {isa = PBXBuildFile; productRef = C1A762252C81A305008D8DA4 /* Cosmos */; };
		C1A762282C81AE43008D8DA4 /* DataStorageManagerTests.swift in Sources */ = {isa = PBXBuildFile; fileRef = C1A762272C81AE43008D8DA4 /* DataStorageManagerTests.swift */; };
		C1A7622A2C81AE78008D8DA4 /* MovieListApiClientTests.swift in Sources */ = {isa = PBXBuildFile; fileRef = C1A762292C81AE78008D8DA4 /* MovieListApiClientTests.swift */; };
		C1DE48692C817E50006142A7 /* MovieListApiClient.swift in Sources */ = {isa = PBXBuildFile; fileRef = C1DE48682C817E50006142A7 /* MovieListApiClient.swift */; };
		C1DE486B2C817E79006142A7 /* MovieDetailsApiClient.swift in Sources */ = {isa = PBXBuildFile; fileRef = C1DE486A2C817E79006142A7 /* MovieDetailsApiClient.swift */; };
		C1DE486E2C817EAA006142A7 /* NetworkManager.swift in Sources */ = {isa = PBXBuildFile; fileRef = C1DE486D2C817EAA006142A7 /* NetworkManager.swift */; };
		C1DE48702C817EBA006142A7 /* APIString.swift in Sources */ = {isa = PBXBuildFile; fileRef = C1DE486F2C817EBA006142A7 /* APIString.swift */; };
		C1DE48732C817EF3006142A7 /* MovieListModel.swift in Sources */ = {isa = PBXBuildFile; fileRef = C1DE48722C817EF3006142A7 /* MovieListModel.swift */; };
		C1DE48752C817F0E006142A7 /* MovieDetailsResponse.swift in Sources */ = {isa = PBXBuildFile; fileRef = C1DE48742C817F0E006142A7 /* MovieDetailsResponse.swift */; };
		C1DE48782C8194FC006142A7 /* DataStroageManager.swift in Sources */ = {isa = PBXBuildFile; fileRef = C1DE48772C8194FC006142A7 /* DataStroageManager.swift */; };
		C1DE487E2C819706006142A7 /* MovieListCollectionViewCell.swift in Sources */ = {isa = PBXBuildFile; fileRef = C1DE487C2C819706006142A7 /* MovieListCollectionViewCell.swift */; };
		C1DE487F2C819706006142A7 /* MovieListCollectionViewCell.xib in Resources */ = {isa = PBXBuildFile; fileRef = C1DE487D2C819706006142A7 /* MovieListCollectionViewCell.xib */; };
		C1DE48862C81984C006142A7 /* SearchBarDelegate.swift in Sources */ = {isa = PBXBuildFile; fileRef = C1DE48852C81984C006142A7 /* SearchBarDelegate.swift */; };
		C1DE48882C8198AA006142A7 /* CollectionViewDataSource.swift in Sources */ = {isa = PBXBuildFile; fileRef = C1DE48872C8198AA006142A7 /* CollectionViewDataSource.swift */; };
		C1DE488D2C81994A006142A7 /* CollectionViewDelegateFlowLayout.swift in Sources */ = {isa = PBXBuildFile; fileRef = C1DE488C2C81994A006142A7 /* CollectionViewDelegateFlowLayout.swift */; };
		C1DE488F2C819987006142A7 /* MovieListCollectionViewCellDelegate.swift in Sources */ = {isa = PBXBuildFile; fileRef = C1DE488E2C819987006142A7 /* MovieListCollectionViewCellDelegate.swift */; };
		C1DE48912C8199BC006142A7 /* MovieListViewController.swift in Sources */ = {isa = PBXBuildFile; fileRef = C1DE48902C8199BC006142A7 /* MovieListViewController.swift */; };
		C1DE48942C819A79006142A7 /* Constant.swift in Sources */ = {isa = PBXBuildFile; fileRef = C1DE48932C819A79006142A7 /* Constant.swift */; };
		C1DE48962C819A96006142A7 /* Extesnion + CornerRadius.swift in Sources */ = {isa = PBXBuildFile; fileRef = C1DE48952C819A96006142A7 /* Extesnion + CornerRadius.swift */; };
/* End PBXBuildFile section */

/* Begin PBXContainerItemProxy section */
		C134565A2C80EDB800E5FA1B /* PBXContainerItemProxy */ = {
			isa = PBXContainerItemProxy;
			containerPortal = C134563B2C80EDB500E5FA1B /* Project object */;
			proxyType = 1;
			remoteGlobalIDString = C13456422C80EDB500E5FA1B;
			remoteInfo = WisdomleafMovieApp;
		};
/* End PBXContainerItemProxy section */

/* Begin PBXFileReference section */
		C13456432C80EDB500E5FA1B /* WisdomleafMovieApp.app */ = {isa = PBXFileReference; explicitFileType = wrapper.application; includeInIndex = 0; path = WisdomleafMovieApp.app; sourceTree = BUILT_PRODUCTS_DIR; };
		C13456462C80EDB500E5FA1B /* AppDelegate.swift */ = {isa = PBXFileReference; lastKnownFileType = sourcecode.swift; path = AppDelegate.swift; sourceTree = "<group>"; };
		C13456482C80EDB500E5FA1B /* SceneDelegate.swift */ = {isa = PBXFileReference; lastKnownFileType = sourcecode.swift; path = SceneDelegate.swift; sourceTree = "<group>"; };
		C134564D2C80EDB500E5FA1B /* Base */ = {isa = PBXFileReference; lastKnownFileType = file.storyboard; name = Base; path = Base.lproj/Main.storyboard; sourceTree = "<group>"; };
		C134564F2C80EDB700E5FA1B /* Assets.xcassets */ = {isa = PBXFileReference; lastKnownFileType = folder.assetcatalog; path = Assets.xcassets; sourceTree = "<group>"; };
		C13456522C80EDB700E5FA1B /* Base */ = {isa = PBXFileReference; lastKnownFileType = file.storyboard; name = Base; path = Base.lproj/LaunchScreen.storyboard; sourceTree = "<group>"; };
		C13456542C80EDB700E5FA1B /* Info.plist */ = {isa = PBXFileReference; lastKnownFileType = text.plist.xml; path = Info.plist; sourceTree = "<group>"; };
		C13456592C80EDB800E5FA1B /* WisdomleafMovieAppTests.xctest */ = {isa = PBXFileReference; explicitFileType = wrapper.cfbundle; includeInIndex = 0; path = WisdomleafMovieAppTests.xctest; sourceTree = BUILT_PRODUCTS_DIR; };
		C134565D2C80EDB800E5FA1B /* WisdomleafMovieAppTests.swift */ = {isa = PBXFileReference; lastKnownFileType = sourcecode.swift; path = WisdomleafMovieAppTests.swift; sourceTree = "<group>"; };
		C1A762202C81A27A008D8DA4 /* CollectionViewDelegate.swift */ = {isa = PBXFileReference; lastKnownFileType = sourcecode.swift; path = CollectionViewDelegate.swift; sourceTree = "<group>"; };
		C1A762222C81A2CC008D8DA4 /* MovieDetailsViewController.swift */ = {isa = PBXFileReference; lastKnownFileType = sourcecode.swift; path = MovieDetailsViewController.swift; sourceTree = "<group>"; };
		C1A762272C81AE43008D8DA4 /* DataStorageManagerTests.swift */ = {isa = PBXFileReference; lastKnownFileType = sourcecode.swift; path = DataStorageManagerTests.swift; sourceTree = "<group>"; };
		C1A762292C81AE78008D8DA4 /* MovieListApiClientTests.swift */ = {isa = PBXFileReference; lastKnownFileType = sourcecode.swift; path = MovieListApiClientTests.swift; sourceTree = "<group>"; };
		C1DE48682C817E50006142A7 /* MovieListApiClient.swift */ = {isa = PBXFileReference; lastKnownFileType = sourcecode.swift; path = MovieListApiClient.swift; sourceTree = "<group>"; };
		C1DE486A2C817E79006142A7 /* MovieDetailsApiClient.swift */ = {isa = PBXFileReference; lastKnownFileType = sourcecode.swift; path = MovieDetailsApiClient.swift; sourceTree = "<group>"; };
		C1DE486D2C817EAA006142A7 /* NetworkManager.swift */ = {isa = PBXFileReference; lastKnownFileType = sourcecode.swift; path = NetworkManager.swift; sourceTree = "<group>"; };
		C1DE486F2C817EBA006142A7 /* APIString.swift */ = {isa = PBXFileReference; lastKnownFileType = sourcecode.swift; path = APIString.swift; sourceTree = "<group>"; };
		C1DE48722C817EF3006142A7 /* MovieListModel.swift */ = {isa = PBXFileReference; lastKnownFileType = sourcecode.swift; path = MovieListModel.swift; sourceTree = "<group>"; };
		C1DE48742C817F0E006142A7 /* MovieDetailsResponse.swift */ = {isa = PBXFileReference; lastKnownFileType = sourcecode.swift; path = MovieDetailsResponse.swift; sourceTree = "<group>"; };
		C1DE48772C8194FC006142A7 /* DataStroageManager.swift */ = {isa = PBXFileReference; lastKnownFileType = sourcecode.swift; path = DataStroageManager.swift; sourceTree = "<group>"; };
		C1DE487C2C819706006142A7 /* MovieListCollectionViewCell.swift */ = {isa = PBXFileReference; lastKnownFileType = sourcecode.swift; path = MovieListCollectionViewCell.swift; sourceTree = "<group>"; };
		C1DE487D2C819706006142A7 /* MovieListCollectionViewCell.xib */ = {isa = PBXFileReference; lastKnownFileType = file.xib; path = MovieListCollectionViewCell.xib; sourceTree = "<group>"; };
		C1DE48852C81984C006142A7 /* SearchBarDelegate.swift */ = {isa = PBXFileReference; lastKnownFileType = sourcecode.swift; path = SearchBarDelegate.swift; sourceTree = "<group>"; };
		C1DE48872C8198AA006142A7 /* CollectionViewDataSource.swift */ = {isa = PBXFileReference; lastKnownFileType = sourcecode.swift; path = CollectionViewDataSource.swift; sourceTree = "<group>"; };
		C1DE488C2C81994A006142A7 /* CollectionViewDelegateFlowLayout.swift */ = {isa = PBXFileReference; lastKnownFileType = sourcecode.swift; path = CollectionViewDelegateFlowLayout.swift; sourceTree = "<group>"; };
		C1DE488E2C819987006142A7 /* MovieListCollectionViewCellDelegate.swift */ = {isa = PBXFileReference; lastKnownFileType = sourcecode.swift; path = MovieListCollectionViewCellDelegate.swift; sourceTree = "<group>"; };
		C1DE48902C8199BC006142A7 /* MovieListViewController.swift */ = {isa = PBXFileReference; lastKnownFileType = sourcecode.swift; path = MovieListViewController.swift; sourceTree = "<group>"; };
		C1DE48932C819A79006142A7 /* Constant.swift */ = {isa = PBXFileReference; lastKnownFileType = sourcecode.swift; path = Constant.swift; sourceTree = "<group>"; };
		C1DE48952C819A96006142A7 /* Extesnion + CornerRadius.swift */ = {isa = PBXFileReference; lastKnownFileType = sourcecode.swift; path = "Extesnion + CornerRadius.swift"; sourceTree = "<group>"; };
/* End PBXFileReference section */

/* Begin PBXFrameworksBuildPhase section */
		C13456402C80EDB500E5FA1B /* Frameworks */ = {
			isa = PBXFrameworksBuildPhase;
			buildActionMask = 2147483647;
			files = (
				C1A762262C81A305008D8DA4 /* Cosmos in Frameworks */,
				C1A7621F2C819E81008D8DA4 /* Kingfisher in Frameworks */,
			);
			runOnlyForDeploymentPostprocessing = 0;
		};
		C13456562C80EDB800E5FA1B /* Frameworks */ = {
			isa = PBXFrameworksBuildPhase;
			buildActionMask = 2147483647;
			files = (
			);
			runOnlyForDeploymentPostprocessing = 0;
		};
/* End PBXFrameworksBuildPhase section */

/* Begin PBXGroup section */
		C134563A2C80EDB500E5FA1B = {
			isa = PBXGroup;
			children = (
				C13456452C80EDB500E5FA1B /* WisdomleafMovieApp */,
				C134565C2C80EDB800E5FA1B /* WisdomleafMovieAppTests */,
				C13456442C80EDB500E5FA1B /* Products */,
			);
			sourceTree = "<group>";
		};
		C13456442C80EDB500E5FA1B /* Products */ = {
			isa = PBXGroup;
			children = (
				C13456432C80EDB500E5FA1B /* WisdomleafMovieApp.app */,
				C13456592C80EDB800E5FA1B /* WisdomleafMovieAppTests.xctest */,
			);
			name = Products;
			sourceTree = "<group>";
		};
		C13456452C80EDB500E5FA1B /* WisdomleafMovieApp */ = {
			isa = PBXGroup;
			children = (
				C1DE48922C819A5C006142A7 /* Extension */,
				C1DE48792C8196BB006142A7 /* Constant */,
				C1DE48762C8194E1006142A7 /* Favourite */,
				C13456762C80EE9900E5FA1B /* Application */,
				C1DE48662C817E12006142A7 /* APIClient */,
				C1DE486C2C817E8D006142A7 /* Helper */,
				C1DE48712C817EC8006142A7 /* Model */,
				C1DE487B2C8196C1006142A7 /* View */,
				C1DE487A2C8196BE006142A7 /* Controller */,
				C13456772C80F2C700E5FA1B /* Storyborad */,
				C13456782C80F2D400E5FA1B /* Resource */,
				C13456542C80EDB700E5FA1B /* Info.plist */,
			);
			path = WisdomleafMovieApp;
			sourceTree = "<group>";
		};
		C134565C2C80EDB800E5FA1B /* WisdomleafMovieAppTests */ = {
			isa = PBXGroup;
			children = (
				C134565D2C80EDB800E5FA1B /* WisdomleafMovieAppTests.swift */,
				C1A762272C81AE43008D8DA4 /* DataStorageManagerTests.swift */,
				C1A762292C81AE78008D8DA4 /* MovieListApiClientTests.swift */,
			);
			path = WisdomleafMovieAppTests;
			sourceTree = "<group>";
		};
		C13456762C80EE9900E5FA1B /* Application */ = {
			isa = PBXGroup;
			children = (
				C13456462C80EDB500E5FA1B /* AppDelegate.swift */,
				C13456482C80EDB500E5FA1B /* SceneDelegate.swift */,
			);
			path = Application;
			sourceTree = "<group>";
		};
		C13456772C80F2C700E5FA1B /* Storyborad */ = {
			isa = PBXGroup;
			children = (
				C134564C2C80EDB500E5FA1B /* Main.storyboard */,
				C13456512C80EDB700E5FA1B /* LaunchScreen.storyboard */,
			);
			path = Storyborad;
			sourceTree = "<group>";
		};
		C13456782C80F2D400E5FA1B /* Resource */ = {
			isa = PBXGroup;
			children = (
				C134564F2C80EDB700E5FA1B /* Assets.xcassets */,
			);
			path = Resource;
			sourceTree = "<group>";
		};
		C1DE48662C817E12006142A7 /* APIClient */ = {
			isa = PBXGroup;
			children = (
				C1DE48682C817E50006142A7 /* MovieListApiClient.swift */,
				C1DE486A2C817E79006142A7 /* MovieDetailsApiClient.swift */,
			);
			path = APIClient;
			sourceTree = "<group>";
		};
		C1DE486C2C817E8D006142A7 /* Helper */ = {
			isa = PBXGroup;
			children = (
				C1DE486D2C817EAA006142A7 /* NetworkManager.swift */,
				C1DE486F2C817EBA006142A7 /* APIString.swift */,
			);
			path = Helper;
			sourceTree = "<group>";
		};
		C1DE48712C817EC8006142A7 /* Model */ = {
			isa = PBXGroup;
			children = (
				C1DE48722C817EF3006142A7 /* MovieListModel.swift */,
				C1DE48742C817F0E006142A7 /* MovieDetailsResponse.swift */,
			);
			path = Model;
			sourceTree = "<group>";
		};
		C1DE48762C8194E1006142A7 /* Favourite */ = {
			isa = PBXGroup;
			children = (
				C1DE48772C8194FC006142A7 /* DataStroageManager.swift */,
			);
			path = Favourite;
			sourceTree = "<group>";
		};
		C1DE48792C8196BB006142A7 /* Constant */ = {
			isa = PBXGroup;
			children = (
				C1DE48932C819A79006142A7 /* Constant.swift */,
			);
			path = Constant;
			sourceTree = "<group>";
		};
		C1DE487A2C8196BE006142A7 /* Controller */ = {
			isa = PBXGroup;
			children = (
				C1DE48842C81979E006142A7 /* MovieSearchBarMethod */,
				C1DE48832C81979B006142A7 /* MovieCollectionViewMethod */,
				C1DE48822C819797006142A7 /* Controller + Delegate */,
				C1DE48902C8199BC006142A7 /* MovieListViewController.swift */,
				C1A762222C81A2CC008D8DA4 /* MovieDetailsViewController.swift */,
			);
			path = Controller;
			sourceTree = "<group>";
		};
		C1DE487B2C8196C1006142A7 /* View */ = {
			isa = PBXGroup;
			children = (
				C1DE48802C819761006142A7 /* Xib */,
				C1DE48812C81976A006142A7 /* Cell */,
			);
			path = View;
			sourceTree = "<group>";
		};
		C1DE48802C819761006142A7 /* Xib */ = {
			isa = PBXGroup;
			children = (
				C1DE487D2C819706006142A7 /* MovieListCollectionViewCell.xib */,
			);
			path = Xib;
			sourceTree = "<group>";
		};
		C1DE48812C81976A006142A7 /* Cell */ = {
			isa = PBXGroup;
			children = (
				C1DE487C2C819706006142A7 /* MovieListCollectionViewCell.swift */,
			);
			path = Cell;
			sourceTree = "<group>";
		};
		C1DE48822C819797006142A7 /* Controller + Delegate */ = {
			isa = PBXGroup;
			children = (
				C1DE488E2C819987006142A7 /* MovieListCollectionViewCellDelegate.swift */,
			);
			path = "Controller + Delegate";
			sourceTree = "<group>";
		};
		C1DE48832C81979B006142A7 /* MovieCollectionViewMethod */ = {
			isa = PBXGroup;
			children = (
				C1DE48872C8198AA006142A7 /* CollectionViewDataSource.swift */,
				C1DE488C2C81994A006142A7 /* CollectionViewDelegateFlowLayout.swift */,
				C1A762202C81A27A008D8DA4 /* CollectionViewDelegate.swift */,
			);
			path = MovieCollectionViewMethod;
			sourceTree = "<group>";
		};
		C1DE48842C81979E006142A7 /* MovieSearchBarMethod */ = {
			isa = PBXGroup;
			children = (
				C1DE48852C81984C006142A7 /* SearchBarDelegate.swift */,
			);
			path = MovieSearchBarMethod;
			sourceTree = "<group>";
		};
		C1DE48922C819A5C006142A7 /* Extension */ = {
			isa = PBXGroup;
			children = (
				C1DE48952C819A96006142A7 /* Extesnion + CornerRadius.swift */,
			);
			path = Extension;
			sourceTree = "<group>";
		};
/* End PBXGroup section */

/* Begin PBXNativeTarget section */
		C13456422C80EDB500E5FA1B /* WisdomleafMovieApp */ = {
			isa = PBXNativeTarget;
			buildConfigurationList = C134566D2C80EDB800E5FA1B /* Build configuration list for PBXNativeTarget "WisdomleafMovieApp" */;
			buildPhases = (
				C134563F2C80EDB500E5FA1B /* Sources */,
				C13456402C80EDB500E5FA1B /* Frameworks */,
				C13456412C80EDB500E5FA1B /* Resources */,
			);
			buildRules = (
			);
			dependencies = (
			);
			name = WisdomleafMovieApp;
			packageProductDependencies = (
				C1A7621E2C819E81008D8DA4 /* Kingfisher */,
				C1A762252C81A305008D8DA4 /* Cosmos */,
			);
			productName = WisdomleafMovieApp;
			productReference = C13456432C80EDB500E5FA1B /* WisdomleafMovieApp.app */;
			productType = "com.apple.product-type.application";
		};
		C13456582C80EDB800E5FA1B /* WisdomleafMovieAppTests */ = {
			isa = PBXNativeTarget;
			buildConfigurationList = C13456702C80EDB800E5FA1B /* Build configuration list for PBXNativeTarget "WisdomleafMovieAppTests" */;
			buildPhases = (
				C13456552C80EDB800E5FA1B /* Sources */,
				C13456562C80EDB800E5FA1B /* Frameworks */,
				C13456572C80EDB800E5FA1B /* Resources */,
			);
			buildRules = (
			);
			dependencies = (
				C134565B2C80EDB800E5FA1B /* PBXTargetDependency */,
			);
			name = WisdomleafMovieAppTests;
			productName = WisdomleafMovieAppTests;
			productReference = C13456592C80EDB800E5FA1B /* WisdomleafMovieAppTests.xctest */;
			productType = "com.apple.product-type.bundle.unit-test";
		};
/* End PBXNativeTarget section */

/* Begin PBXProject section */
		C134563B2C80EDB500E5FA1B /* Project object */ = {
			isa = PBXProject;
			attributes = {
				BuildIndependentTargetsInParallel = 1;
				LastSwiftUpdateCheck = 1540;
				LastUpgradeCheck = 1540;
				TargetAttributes = {
					C13456422C80EDB500E5FA1B = {
						CreatedOnToolsVersion = 15.4;
					};
					C13456582C80EDB800E5FA1B = {
						CreatedOnToolsVersion = 15.4;
						TestTargetID = C13456422C80EDB500E5FA1B;
					};
				};
			};
			buildConfigurationList = C134563E2C80EDB500E5FA1B /* Build configuration list for PBXProject "WisdomleafMovieApp" */;
			compatibilityVersion = "Xcode 14.0";
			developmentRegion = en;
			hasScannedForEncodings = 0;
			knownRegions = (
				en,
				Base,
			);
			mainGroup = C134563A2C80EDB500E5FA1B;
			packageReferences = (
				C1A7621D2C819E81008D8DA4 /* XCRemoteSwiftPackageReference "Kingfisher" */,
				C1A762242C81A305008D8DA4 /* XCRemoteSwiftPackageReference "Cosmos" */,
			);
			productRefGroup = C13456442C80EDB500E5FA1B /* Products */;
			projectDirPath = "";
			projectRoot = "";
			targets = (
				C13456422C80EDB500E5FA1B /* WisdomleafMovieApp */,
				C13456582C80EDB800E5FA1B /* WisdomleafMovieAppTests */,
			);
		};
/* End PBXProject section */

/* Begin PBXResourcesBuildPhase section */
		C13456412C80EDB500E5FA1B /* Resources */ = {
			isa = PBXResourcesBuildPhase;
			buildActionMask = 2147483647;
			files = (
				C13456502C80EDB700E5FA1B /* Assets.xcassets in Resources */,
				C13456532C80EDB700E5FA1B /* Base in Resources */,
				C134564E2C80EDB500E5FA1B /* Base in Resources */,
				C1DE487F2C819706006142A7 /* MovieListCollectionViewCell.xib in Resources */,
			);
			runOnlyForDeploymentPostprocessing = 0;
		};
		C13456572C80EDB800E5FA1B /* Resources */ = {
			isa = PBXResourcesBuildPhase;
			buildActionMask = 2147483647;
			files = (
			);
			runOnlyForDeploymentPostprocessing = 0;
		};
/* End PBXResourcesBuildPhase section */

/* Begin PBXSourcesBuildPhase section */
		C134563F2C80EDB500E5FA1B /* Sources */ = {
			isa = PBXSourcesBuildPhase;
			buildActionMask = 2147483647;
			files = (
				C1DE48962C819A96006142A7 /* Extesnion + CornerRadius.swift in Sources */,
				C13456472C80EDB500E5FA1B /* AppDelegate.swift in Sources */,
				C1A762232C81A2CC008D8DA4 /* MovieDetailsViewController.swift in Sources */,
				C1DE48942C819A79006142A7 /* Constant.swift in Sources */,
				C1DE487E2C819706006142A7 /* MovieListCollectionViewCell.swift in Sources */,
				C1DE48702C817EBA006142A7 /* APIString.swift in Sources */,
				C1A762212C81A27A008D8DA4 /* CollectionViewDelegate.swift in Sources */,
				C1DE48912C8199BC006142A7 /* MovieListViewController.swift in Sources */,
				C1DE48882C8198AA006142A7 /* CollectionViewDataSource.swift in Sources */,
				C1DE48862C81984C006142A7 /* SearchBarDelegate.swift in Sources */,
				C1DE48752C817F0E006142A7 /* MovieDetailsResponse.swift in Sources */,
				C1DE48782C8194FC006142A7 /* DataStroageManager.swift in Sources */,
				C1DE486B2C817E79006142A7 /* MovieDetailsApiClient.swift in Sources */,
				C1DE486E2C817EAA006142A7 /* NetworkManager.swift in Sources */,
				C1DE488F2C819987006142A7 /* MovieListCollectionViewCellDelegate.swift in Sources */,
				C1DE48732C817EF3006142A7 /* MovieListModel.swift in Sources */,
				C13456492C80EDB500E5FA1B /* SceneDelegate.swift in Sources */,
				C1DE48692C817E50006142A7 /* MovieListApiClient.swift in Sources */,
				C1DE488D2C81994A006142A7 /* CollectionViewDelegateFlowLayout.swift in Sources */,
			);
			runOnlyForDeploymentPostprocessing = 0;
		};
		C13456552C80EDB800E5FA1B /* Sources */ = {
			isa = PBXSourcesBuildPhase;
			buildActionMask = 2147483647;
			files = (
				C134565E2C80EDB800E5FA1B /* WisdomleafMovieAppTests.swift in Sources */,
				C1A762282C81AE43008D8DA4 /* DataStorageManagerTests.swift in Sources */,
				C1A7622A2C81AE78008D8DA4 /* MovieListApiClientTests.swift in Sources */,
			);
			runOnlyForDeploymentPostprocessing = 0;
		};
/* End PBXSourcesBuildPhase section */

/* Begin PBXTargetDependency section */
		C134565B2C80EDB800E5FA1B /* PBXTargetDependency */ = {
			isa = PBXTargetDependency;
			target = C13456422C80EDB500E5FA1B /* WisdomleafMovieApp */;
			targetProxy = C134565A2C80EDB800E5FA1B /* PBXContainerItemProxy */;
		};
/* End PBXTargetDependency section */

/* Begin PBXVariantGroup section */
		C134564C2C80EDB500E5FA1B /* Main.storyboard */ = {
			isa = PBXVariantGroup;
			children = (
				C134564D2C80EDB500E5FA1B /* Base */,
			);
			name = Main.storyboard;
			sourceTree = "<group>";
		};
		C13456512C80EDB700E5FA1B /* LaunchScreen.storyboard */ = {
			isa = PBXVariantGroup;
			children = (
				C13456522C80EDB700E5FA1B /* Base */,
			);
			name = LaunchScreen.storyboard;
			sourceTree = "<group>";
		};
/* End PBXVariantGroup section */

/* Begin XCBuildConfiguration section */
		C134566B2C80EDB800E5FA1B /* Debug */ = {
			isa = XCBuildConfiguration;
			buildSettings = {
				ALWAYS_SEARCH_USER_PATHS = NO;
				ASSETCATALOG_COMPILER_GENERATE_SWIFT_ASSET_SYMBOL_EXTENSIONS = YES;
				CLANG_ANALYZER_NONNULL = YES;
				CLANG_ANALYZER_NUMBER_OBJECT_CONVERSION = YES_AGGRESSIVE;
				CLANG_CXX_LANGUAGE_STANDARD = "gnu++20";
				CLANG_ENABLE_MODULES = YES;
				CLANG_ENABLE_OBJC_ARC = YES;
				CLANG_ENABLE_OBJC_WEAK = YES;
				CLANG_WARN_BLOCK_CAPTURE_AUTORELEASING = YES;
				CLANG_WARN_BOOL_CONVERSION = YES;
				CLANG_WARN_COMMA = YES;
				CLANG_WARN_CONSTANT_CONVERSION = YES;
				CLANG_WARN_DEPRECATED_OBJC_IMPLEMENTATIONS = YES;
				CLANG_WARN_DIRECT_OBJC_ISA_USAGE = YES_ERROR;
				CLANG_WARN_DOCUMENTATION_COMMENTS = YES;
				CLANG_WARN_EMPTY_BODY = YES;
				CLANG_WARN_ENUM_CONVERSION = YES;
				CLANG_WARN_INFINITE_RECURSION = YES;
				CLANG_WARN_INT_CONVERSION = YES;
				CLANG_WARN_NON_LITERAL_NULL_CONVERSION = YES;
				CLANG_WARN_OBJC_IMPLICIT_RETAIN_SELF = YES;
				CLANG_WARN_OBJC_LITERAL_CONVERSION = YES;
				CLANG_WARN_OBJC_ROOT_CLASS = YES_ERROR;
				CLANG_WARN_QUOTED_INCLUDE_IN_FRAMEWORK_HEADER = YES;
				CLANG_WARN_RANGE_LOOP_ANALYSIS = YES;
				CLANG_WARN_STRICT_PROTOTYPES = YES;
				CLANG_WARN_SUSPICIOUS_MOVE = YES;
				CLANG_WARN_UNGUARDED_AVAILABILITY = YES_AGGRESSIVE;
				CLANG_WARN_UNREACHABLE_CODE = YES;
				CLANG_WARN__DUPLICATE_METHOD_MATCH = YES;
				COPY_PHASE_STRIP = NO;
				DEBUG_INFORMATION_FORMAT = dwarf;
				ENABLE_STRICT_OBJC_MSGSEND = YES;
				ENABLE_TESTABILITY = YES;
				ENABLE_USER_SCRIPT_SANDBOXING = YES;
				GCC_C_LANGUAGE_STANDARD = gnu17;
				GCC_DYNAMIC_NO_PIC = NO;
				GCC_NO_COMMON_BLOCKS = YES;
				GCC_OPTIMIZATION_LEVEL = 0;
				GCC_PREPROCESSOR_DEFINITIONS = (
					"DEBUG=1",
					"$(inherited)",
				);
				GCC_WARN_64_TO_32_BIT_CONVERSION = YES;
				GCC_WARN_ABOUT_RETURN_TYPE = YES_ERROR;
				GCC_WARN_UNDECLARED_SELECTOR = YES;
				GCC_WARN_UNINITIALIZED_AUTOS = YES_AGGRESSIVE;
				GCC_WARN_UNUSED_FUNCTION = YES;
				GCC_WARN_UNUSED_VARIABLE = YES;
				IPHONEOS_DEPLOYMENT_TARGET = 17.5;
				LOCALIZATION_PREFERS_STRING_CATALOGS = YES;
				MTL_ENABLE_DEBUG_INFO = INCLUDE_SOURCE;
				MTL_FAST_MATH = YES;
				ONLY_ACTIVE_ARCH = YES;
				SDKROOT = iphoneos;
				SWIFT_ACTIVE_COMPILATION_CONDITIONS = "DEBUG $(inherited)";
				SWIFT_OPTIMIZATION_LEVEL = "-Onone";
			};
			name = Debug;
		};
		C134566C2C80EDB800E5FA1B /* Release */ = {
			isa = XCBuildConfiguration;
			buildSettings = {
				ALWAYS_SEARCH_USER_PATHS = NO;
				ASSETCATALOG_COMPILER_GENERATE_SWIFT_ASSET_SYMBOL_EXTENSIONS = YES;
				CLANG_ANALYZER_NONNULL = YES;
				CLANG_ANALYZER_NUMBER_OBJECT_CONVERSION = YES_AGGRESSIVE;
				CLANG_CXX_LANGUAGE_STANDARD = "gnu++20";
				CLANG_ENABLE_MODULES = YES;
				CLANG_ENABLE_OBJC_ARC = YES;
				CLANG_ENABLE_OBJC_WEAK = YES;
				CLANG_WARN_BLOCK_CAPTURE_AUTORELEASING = YES;
				CLANG_WARN_BOOL_CONVERSION = YES;
				CLANG_WARN_COMMA = YES;
				CLANG_WARN_CONSTANT_CONVERSION = YES;
				CLANG_WARN_DEPRECATED_OBJC_IMPLEMENTATIONS = YES;
				CLANG_WARN_DIRECT_OBJC_ISA_USAGE = YES_ERROR;
				CLANG_WARN_DOCUMENTATION_COMMENTS = YES;
				CLANG_WARN_EMPTY_BODY = YES;
				CLANG_WARN_ENUM_CONVERSION = YES;
				CLANG_WARN_INFINITE_RECURSION = YES;
				CLANG_WARN_INT_CONVERSION = YES;
				CLANG_WARN_NON_LITERAL_NULL_CONVERSION = YES;
				CLANG_WARN_OBJC_IMPLICIT_RETAIN_SELF = YES;
				CLANG_WARN_OBJC_LITERAL_CONVERSION = YES;
				CLANG_WARN_OBJC_ROOT_CLASS = YES_ERROR;
				CLANG_WARN_QUOTED_INCLUDE_IN_FRAMEWORK_HEADER = YES;
				CLANG_WARN_RANGE_LOOP_ANALYSIS = YES;
				CLANG_WARN_STRICT_PROTOTYPES = YES;
				CLANG_WARN_SUSPICIOUS_MOVE = YES;
				CLANG_WARN_UNGUARDED_AVAILABILITY = YES_AGGRESSIVE;
				CLANG_WARN_UNREACHABLE_CODE = YES;
				CLANG_WARN__DUPLICATE_METHOD_MATCH = YES;
				COPY_PHASE_STRIP = NO;
				DEBUG_INFORMATION_FORMAT = "dwarf-with-dsym";
				ENABLE_NS_ASSERTIONS = NO;
				ENABLE_STRICT_OBJC_MSGSEND = YES;
				ENABLE_USER_SCRIPT_SANDBOXING = YES;
				GCC_C_LANGUAGE_STANDARD = gnu17;
				GCC_NO_COMMON_BLOCKS = YES;
				GCC_WARN_64_TO_32_BIT_CONVERSION = YES;
				GCC_WARN_ABOUT_RETURN_TYPE = YES_ERROR;
				GCC_WARN_UNDECLARED_SELECTOR = YES;
				GCC_WARN_UNINITIALIZED_AUTOS = YES_AGGRESSIVE;
				GCC_WARN_UNUSED_FUNCTION = YES;
				GCC_WARN_UNUSED_VARIABLE = YES;
				IPHONEOS_DEPLOYMENT_TARGET = 17.5;
				LOCALIZATION_PREFERS_STRING_CATALOGS = YES;
				MTL_ENABLE_DEBUG_INFO = NO;
				MTL_FAST_MATH = YES;
				SDKROOT = iphoneos;
				SWIFT_COMPILATION_MODE = wholemodule;
				VALIDATE_PRODUCT = YES;
			};
			name = Release;
		};
		C134566E2C80EDB800E5FA1B /* Debug */ = {
			isa = XCBuildConfiguration;
			buildSettings = {
				ASSETCATALOG_COMPILER_APPICON_NAME = AppIcon;
				ASSETCATALOG_COMPILER_GLOBAL_ACCENT_COLOR_NAME = AccentColor;
				CODE_SIGN_STYLE = Automatic;
				CURRENT_PROJECT_VERSION = 1;
				DEVELOPMENT_TEAM = 6N8FUF3XH4;
				GENERATE_INFOPLIST_FILE = YES;
				INFOPLIST_FILE = WisdomleafMovieApp/Info.plist;
				INFOPLIST_KEY_UIApplicationSupportsIndirectInputEvents = YES;
				INFOPLIST_KEY_UILaunchStoryboardName = LaunchScreen;
				INFOPLIST_KEY_UIMainStoryboardFile = Main;
				INFOPLIST_KEY_UISupportedInterfaceOrientations_iPad = "UIInterfaceOrientationPortrait UIInterfaceOrientationPortraitUpsideDown UIInterfaceOrientationLandscapeLeft UIInterfaceOrientationLandscapeRight";
				INFOPLIST_KEY_UISupportedInterfaceOrientations_iPhone = "UIInterfaceOrientationPortrait UIInterfaceOrientationLandscapeLeft UIInterfaceOrientationLandscapeRight";
				LD_RUNPATH_SEARCH_PATHS = (
					"$(inherited)",
					"@executable_path/Frameworks",
				);
				MARKETING_VERSION = 1.0;
				PRODUCT_BUNDLE_IDENTIFIER = com.CoreData.WisdomleafMovieApp;
				PRODUCT_NAME = "$(TARGET_NAME)";
				SWIFT_EMIT_LOC_STRINGS = YES;
				SWIFT_VERSION = 5.0;
				TARGETED_DEVICE_FAMILY = "1,2";
			};
			name = Debug;
		};
		C134566F2C80EDB800E5FA1B /* Release */ = {
			isa = XCBuildConfiguration;
			buildSettings = {
				ASSETCATALOG_COMPILER_APPICON_NAME = AppIcon;
				ASSETCATALOG_COMPILER_GLOBAL_ACCENT_COLOR_NAME = AccentColor;
				CODE_SIGN_STYLE = Automatic;
				CURRENT_PROJECT_VERSION = 1;
				DEVELOPMENT_TEAM = 6N8FUF3XH4;
				GENERATE_INFOPLIST_FILE = YES;
				INFOPLIST_FILE = WisdomleafMovieApp/Info.plist;
				INFOPLIST_KEY_UIApplicationSupportsIndirectInputEvents = YES;
				INFOPLIST_KEY_UILaunchStoryboardName = LaunchScreen;
				INFOPLIST_KEY_UIMainStoryboardFile = Main;
				INFOPLIST_KEY_UISupportedInterfaceOrientations_iPad = "UIInterfaceOrientationPortrait UIInterfaceOrientationPortraitUpsideDown UIInterfaceOrientationLandscapeLeft UIInterfaceOrientationLandscapeRight";
				INFOPLIST_KEY_UISupportedInterfaceOrientations_iPhone = "UIInterfaceOrientationPortrait UIInterfaceOrientationLandscapeLeft UIInterfaceOrientationLandscapeRight";
				LD_RUNPATH_SEARCH_PATHS = (
					"$(inherited)",
					"@executable_path/Frameworks",
				);
				MARKETING_VERSION = 1.0;
				PRODUCT_BUNDLE_IDENTIFIER = com.CoreData.WisdomleafMovieApp;
				PRODUCT_NAME = "$(TARGET_NAME)";
				SWIFT_EMIT_LOC_STRINGS = YES;
				SWIFT_VERSION = 5.0;
				TARGETED_DEVICE_FAMILY = "1,2";
			};
			name = Release;
		};
		C13456712C80EDB800E5FA1B /* Debug */ = {
			isa = XCBuildConfiguration;
			buildSettings = {
				ALWAYS_EMBED_SWIFT_STANDARD_LIBRARIES = YES;
				BUNDLE_LOADER = "$(TEST_HOST)";
				CODE_SIGN_STYLE = Automatic;
				CURRENT_PROJECT_VERSION = 1;
				DEVELOPMENT_TEAM = 6N8FUF3XH4;
				GENERATE_INFOPLIST_FILE = YES;
				IPHONEOS_DEPLOYMENT_TARGET = 17.5;
				MARKETING_VERSION = 1.0;
				PRODUCT_BUNDLE_IDENTIFIER = com.CoreData.WisdomleafMovieAppTests;
				PRODUCT_NAME = "$(TARGET_NAME)";
				SWIFT_EMIT_LOC_STRINGS = NO;
				SWIFT_VERSION = 5.0;
				TARGETED_DEVICE_FAMILY = "1,2";
				TEST_HOST = "$(BUILT_PRODUCTS_DIR)/WisdomleafMovieApp.app/$(BUNDLE_EXECUTABLE_FOLDER_PATH)/WisdomleafMovieApp";
			};
			name = Debug;
		};
		C13456722C80EDB800E5FA1B /* Release */ = {
			isa = XCBuildConfiguration;
			buildSettings = {
				ALWAYS_EMBED_SWIFT_STANDARD_LIBRARIES = YES;
				BUNDLE_LOADER = "$(TEST_HOST)";
				CODE_SIGN_STYLE = Automatic;
				CURRENT_PROJECT_VERSION = 1;
				DEVELOPMENT_TEAM = 6N8FUF3XH4;
				GENERATE_INFOPLIST_FILE = YES;
				IPHONEOS_DEPLOYMENT_TARGET = 17.5;
				MARKETING_VERSION = 1.0;
				PRODUCT_BUNDLE_IDENTIFIER = com.CoreData.WisdomleafMovieAppTests;
				PRODUCT_NAME = "$(TARGET_NAME)";
				SWIFT_EMIT_LOC_STRINGS = NO;
				SWIFT_VERSION = 5.0;
				TARGETED_DEVICE_FAMILY = "1,2";
				TEST_HOST = "$(BUILT_PRODUCTS_DIR)/WisdomleafMovieApp.app/$(BUNDLE_EXECUTABLE_FOLDER_PATH)/WisdomleafMovieApp";
			};
			name = Release;
		};
/* End XCBuildConfiguration section */

/* Begin XCConfigurationList section */
		C134563E2C80EDB500E5FA1B /* Build configuration list for PBXProject "WisdomleafMovieApp" */ = {
			isa = XCConfigurationList;
			buildConfigurations = (
				C134566B2C80EDB800E5FA1B /* Debug */,
				C134566C2C80EDB800E5FA1B /* Release */,
			);
			defaultConfigurationIsVisible = 0;
			defaultConfigurationName = Release;
		};
		C134566D2C80EDB800E5FA1B /* Build configuration list for PBXNativeTarget "WisdomleafMovieApp" */ = {
			isa = XCConfigurationList;
			buildConfigurations = (
				C134566E2C80EDB800E5FA1B /* Debug */,
				C134566F2C80EDB800E5FA1B /* Release */,
			);
			defaultConfigurationIsVisible = 0;
			defaultConfigurationName = Release;
		};
		C13456702C80EDB800E5FA1B /* Build configuration list for PBXNativeTarget "WisdomleafMovieAppTests" */ = {
			isa = XCConfigurationList;
			buildConfigurations = (
				C13456712C80EDB800E5FA1B /* Debug */,
				C13456722C80EDB800E5FA1B /* Release */,
			);
			defaultConfigurationIsVisible = 0;
			defaultConfigurationName = Release;
		};
/* End XCConfigurationList section */

/* Begin XCRemoteSwiftPackageReference section */
		C1A7621D2C819E81008D8DA4 /* XCRemoteSwiftPackageReference "Kingfisher" */ = {
			isa = XCRemoteSwiftPackageReference;
			repositoryURL = "https://github.com/onevcat/Kingfisher";
			requirement = {
				kind = upToNextMajorVersion;
				minimumVersion = 7.12.0;
			};
		};
		C1A762242C81A305008D8DA4 /* XCRemoteSwiftPackageReference "Cosmos" */ = {
			isa = XCRemoteSwiftPackageReference;
			repositoryURL = "https://github.com/evgenyneu/Cosmos.git";
			requirement = {
				kind = upToNextMajorVersion;
				minimumVersion = 25.0.1;
			};
		};
/* End XCRemoteSwiftPackageReference section */

/* Begin XCSwiftPackageProductDependency section */
		C1A7621E2C819E81008D8DA4 /* Kingfisher */ = {
			isa = XCSwiftPackageProductDependency;
			package = C1A7621D2C819E81008D8DA4 /* XCRemoteSwiftPackageReference "Kingfisher" */;
			productName = Kingfisher;
		};
		C1A762252C81A305008D8DA4 /* Cosmos */ = {
			isa = XCSwiftPackageProductDependency;
			package = C1A762242C81A305008D8DA4 /* XCRemoteSwiftPackageReference "Cosmos" */;
			productName = Cosmos;
		};
/* End XCSwiftPackageProductDependency section */
	};
	rootObject = C134563B2C80EDB500E5FA1B /* Project object */;
}
